{
  "name": "socket-test-vulnerable",
  "version": "1.0.0",
  "lockfileVersion": 2,
  "requires": true,
  "packages": {
    "": {
      "name": "socket-test-vulnerable",
      "version": "1.0.0",
      "license": "ISC",
      "dependencies": {
        "@orlserg32112/socket-test-vulndep": "^1.0.7"
      }
    },
    "node_modules/@orlserg32112/socket-test-vulndep": {
      "version": "1.0.7",
      "resolved": "https://registry.npmjs.org/@orlserg32112/socket-test-vulndep/-/socket-test-vulndep-1.0.7.tgz",
      "integrity": "sha512-cs708EUeDnFr4kWTDI3qKM4h4AmFRx5JBnkGAfeaNAKZkuxflz45JLErCu6/KmanAuZd95pDSGSB0vR0eppZgQ=="
    }
  },
  "dependencies": {
    "@orlserg32112/socket-test-vulndep": {
      "version": "1.0.7",
      "resolved": "https://registry.npmjs.org/@orlserg32112/socket-test-vulndep/-/socket-test-vulndep-1.0.7.tgz",
      "integrity": "sha512-cs708EUeDnFr4kWTDI3qKM4h4AmFRx5JBnkGAfeaNAKZkuxflz45JLErCu6/KmanAuZd95pDSGSB0vR0eppZgQ=="
    }
  }
}
